// !$*UTF8*$!
{
	archiveVersion = 1;
	classes = {
	};
	objectVersion = 55;
	objects = {

/* Begin PBXBuildFile section */
		5C335E7F28C7B36B00930AB8 /* Reciplease_Swift_UIApp.swift in Sources */ = {isa = PBXBuildFile; fileRef = 5C335E7E28C7B36B00930AB8 /* Reciplease_Swift_UIApp.swift */; };
		5C335E8128C7B36B00930AB8 /* SearchView.swift in Sources */ = {isa = PBXBuildFile; fileRef = 5C335E8028C7B36B00930AB8 /* SearchView.swift */; };
		5C335E8328C7B36D00930AB8 /* Assets.xcassets in Resources */ = {isa = PBXBuildFile; fileRef = 5C335E8228C7B36D00930AB8 /* Assets.xcassets */; };
		5C335E8628C7B36D00930AB8 /* Preview Assets.xcassets in Resources */ = {isa = PBXBuildFile; fileRef = 5C335E8528C7B36D00930AB8 /* Preview Assets.xcassets */; };
		5C335E9028C7B36D00930AB8 /* Reciplease_Swift_UITests.swift in Sources */ = {isa = PBXBuildFile; fileRef = 5C335E8F28C7B36D00930AB8 /* Reciplease_Swift_UITests.swift */; };
		5C335E9A28C7B36D00930AB8 /* Reciplease_Swift_UIUITests.swift in Sources */ = {isa = PBXBuildFile; fileRef = 5C335E9928C7B36D00930AB8 /* Reciplease_Swift_UIUITests.swift */; };
		5C335E9C28C7B36D00930AB8 /* Reciplease_Swift_UIUITestsLaunchTests.swift in Sources */ = {isa = PBXBuildFile; fileRef = 5C335E9B28C7B36D00930AB8 /* Reciplease_Swift_UIUITestsLaunchTests.swift */; };
/* End PBXBuildFile section */

/* Begin PBXContainerItemProxy section */
		5C335E8C28C7B36D00930AB8 /* PBXContainerItemProxy */ = {
			isa = PBXContainerItemProxy;
			containerPortal = 5C335E7328C7B36B00930AB8 /* Project object */;
			proxyType = 1;
			remoteGlobalIDString = 5C335E7A28C7B36B00930AB8;
			remoteInfo = "Reciplease Swift UI";
		};
		5C335E9628C7B36D00930AB8 /* PBXContainerItemProxy */ = {
			isa = PBXContainerItemProxy;
			containerPortal = 5C335E7328C7B36B00930AB8 /* Project object */;
			proxyType = 1;
			remoteGlobalIDString = 5C335E7A28C7B36B00930AB8;
			remoteInfo = "Reciplease Swift UI";
		};
/* End PBXContainerItemProxy section */

/* Begin PBXFileReference section */
		5C335E7B28C7B36B00930AB8 /* Reciplease Swift UI.app */ = {isa = PBXFileReference; explicitFileType = wrapper.application; includeInIndex = 0; path = "Reciplease Swift UI.app"; sourceTree = BUILT_PRODUCTS_DIR; };
		5C335E7E28C7B36B00930AB8 /* Reciplease_Swift_UIApp.swift */ = {isa = PBXFileReference; lastKnownFileType = sourcecode.swift; path = Reciplease_Swift_UIApp.swift; sourceTree = "<group>"; };
		5C335E8028C7B36B00930AB8 /* SearchView.swift */ = {isa = PBXFileReference; lastKnownFileType = sourcecode.swift; path = SearchView.swift; sourceTree = "<group>"; };
		5C335E8228C7B36D00930AB8 /* Assets.xcassets */ = {isa = PBXFileReference; lastKnownFileType = folder.assetcatalog; path = Assets.xcassets; sourceTree = "<group>"; };
		5C335E8528C7B36D00930AB8 /* Preview Assets.xcassets */ = {isa = PBXFileReference; lastKnownFileType = folder.assetcatalog; path = "Preview Assets.xcassets"; sourceTree = "<group>"; };
		5C335E8B28C7B36D00930AB8 /* Reciplease Swift UITests.xctest */ = {isa = PBXFileReference; explicitFileType = wrapper.cfbundle; includeInIndex = 0; path = "Reciplease Swift UITests.xctest"; sourceTree = BUILT_PRODUCTS_DIR; };
		5C335E8F28C7B36D00930AB8 /* Reciplease_Swift_UITests.swift */ = {isa = PBXFileReference; lastKnownFileType = sourcecode.swift; path = Reciplease_Swift_UITests.swift; sourceTree = "<group>"; };
		5C335E9528C7B36D00930AB8 /* Reciplease Swift UIUITests.xctest */ = {isa = PBXFileReference; explicitFileType = wrapper.cfbundle; includeInIndex = 0; path = "Reciplease Swift UIUITests.xctest"; sourceTree = BUILT_PRODUCTS_DIR; };
		5C335E9928C7B36D00930AB8 /* Reciplease_Swift_UIUITests.swift */ = {isa = PBXFileReference; lastKnownFileType = sourcecode.swift; path = Reciplease_Swift_UIUITests.swift; sourceTree = "<group>"; };
		5C335E9B28C7B36D00930AB8 /* Reciplease_Swift_UIUITestsLaunchTests.swift */ = {isa = PBXFileReference; lastKnownFileType = sourcecode.swift; path = Reciplease_Swift_UIUITestsLaunchTests.swift; sourceTree = "<group>"; };
/* End PBXFileReference section */

/* Begin PBXFrameworksBuildPhase section */
		5C335E7828C7B36B00930AB8 /* Frameworks */ = {
			isa = PBXFrameworksBuildPhase;
			buildActionMask = 2147483647;
			files = (
			);
			runOnlyForDeploymentPostprocessing = 0;
		};
		5C335E8828C7B36D00930AB8 /* Frameworks */ = {
			isa = PBXFrameworksBuildPhase;
			buildActionMask = 2147483647;
			files = (
			);
			runOnlyForDeploymentPostprocessing = 0;
		};
		5C335E9228C7B36D00930AB8 /* Frameworks */ = {
			isa = PBXFrameworksBuildPhase;
			buildActionMask = 2147483647;
			files = (
			);
			runOnlyForDeploymentPostprocessing = 0;
		};
/* End PBXFrameworksBuildPhase section */

/* Begin PBXGroup section */
		5C335E7228C7B36B00930AB8 = {
			isa = PBXGroup;
			children = (
				5C335E7D28C7B36B00930AB8 /* Reciplease Swift UI */,
				5C335E8E28C7B36D00930AB8 /* Reciplease Swift UITests */,
				5C335E9828C7B36D00930AB8 /* Reciplease Swift UIUITests */,
				5C335E7C28C7B36B00930AB8 /* Products */,
			);
			sourceTree = "<group>";
		};
		5C335E7C28C7B36B00930AB8 /* Products */ = {
			isa = PBXGroup;
			children = (
				5C335E7B28C7B36B00930AB8 /* Reciplease Swift UI.app */,
				5C335E8B28C7B36D00930AB8 /* Reciplease Swift UITests.xctest */,
				5C335E9528C7B36D00930AB8 /* Reciplease Swift UIUITests.xctest */,
			);
			name = Products;
			sourceTree = "<group>";
		};
		5C335E7D28C7B36B00930AB8 /* Reciplease Swift UI */ = {
			isa = PBXGroup;
			children = (
				5C335E7E28C7B36B00930AB8 /* Reciplease_Swift_UIApp.swift */,
				5C335E8028C7B36B00930AB8 /* SearchView.swift */,
				5C335E8228C7B36D00930AB8 /* Assets.xcassets */,
				5C335E8428C7B36D00930AB8 /* Preview Content */,
			);
			path = "Reciplease Swift UI";
			sourceTree = "<group>";
		};
		5C335E8428C7B36D00930AB8 /* Preview Content */ = {
			isa = PBXGroup;
			children = (
				5C335E8528C7B36D00930AB8 /* Preview Assets.xcassets */,
			);
			path = "Preview Content";
			sourceTree = "<group>";
		};
		5C335E8E28C7B36D00930AB8 /* Reciplease Swift UITests */ = {
			isa = PBXGroup;
			children = (
				5C335E8F28C7B36D00930AB8 /* Reciplease_Swift_UITests.swift */,
			);
			path = "Reciplease Swift UITests";
			sourceTree = "<group>";
		};
		5C335E9828C7B36D00930AB8 /* Reciplease Swift UIUITests */ = {
			isa = PBXGroup;
			children = (
				5C335E9928C7B36D00930AB8 /* Reciplease_Swift_UIUITests.swift */,
				5C335E9B28C7B36D00930AB8 /* Reciplease_Swift_UIUITestsLaunchTests.swift */,
			);
			path = "Reciplease Swift UIUITests";
			sourceTree = "<group>";
		};
/* End PBXGroup section */

/* Begin PBXNativeTarget section */
		5C335E7A28C7B36B00930AB8 /* Reciplease Swift UI */ = {
			isa = PBXNativeTarget;
			buildConfigurationList = 5C335E9F28C7B36D00930AB8 /* Build configuration list for PBXNativeTarget "Reciplease Swift UI" */;
			buildPhases = (
				5C335E7728C7B36B00930AB8 /* Sources */,
				5C335E7828C7B36B00930AB8 /* Frameworks */,
				5C335E7928C7B36B00930AB8 /* Resources */,
			);
			buildRules = (
			);
			dependencies = (
			);
			name = "Reciplease Swift UI";
			productName = "Reciplease Swift UI";
			productReference = 5C335E7B28C7B36B00930AB8 /* Reciplease Swift UI.app */;
			productType = "com.apple.product-type.application";
		};
		5C335E8A28C7B36D00930AB8 /* Reciplease Swift UITests */ = {
			isa = PBXNativeTarget;
			buildConfigurationList = 5C335EA228C7B36D00930AB8 /* Build configuration list for PBXNativeTarget "Reciplease Swift UITests" */;
			buildPhases = (
				5C335E8728C7B36D00930AB8 /* Sources */,
				5C335E8828C7B36D00930AB8 /* Frameworks */,
				5C335E8928C7B36D00930AB8 /* Resources */,
			);
			buildRules = (
			);
			dependencies = (
				5C335E8D28C7B36D00930AB8 /* PBXTargetDependency */,
			);
			name = "Reciplease Swift UITests";
			productName = "Reciplease Swift UITests";
			productReference = 5C335E8B28C7B36D00930AB8 /* Reciplease Swift UITests.xctest */;
			productType = "com.apple.product-type.bundle.unit-test";
		};
		5C335E9428C7B36D00930AB8 /* Reciplease Swift UIUITests */ = {
			isa = PBXNativeTarget;
			buildConfigurationList = 5C335EA528C7B36D00930AB8 /* Build configuration list for PBXNativeTarget "Reciplease Swift UIUITests" */;
			buildPhases = (
				5C335E9128C7B36D00930AB8 /* Sources */,
				5C335E9228C7B36D00930AB8 /* Frameworks */,
				5C335E9328C7B36D00930AB8 /* Resources */,
			);
			buildRules = (
			);
			dependencies = (
				5C335E9728C7B36D00930AB8 /* PBXTargetDependency */,
			);
			name = "Reciplease Swift UIUITests";
			productName = "Reciplease Swift UIUITests";
			productReference = 5C335E9528C7B36D00930AB8 /* Reciplease Swift UIUITests.xctest */;
			productType = "com.apple.product-type.bundle.ui-testing";
		};
/* End PBXNativeTarget section */

/* Begin PBXProject section */
		5C335E7328C7B36B00930AB8 /* Project object */ = {
			isa = PBXProject;
			attributes = {
				BuildIndependentTargetsInParallel = 1;
				LastSwiftUpdateCheck = 1340;
				LastUpgradeCheck = 1340;
				TargetAttributes = {
					5C335E7A28C7B36B00930AB8 = {
						CreatedOnToolsVersion = 13.4.1;
					};
					5C335E8A28C7B36D00930AB8 = {
						CreatedOnToolsVersion = 13.4.1;
						TestTargetID = 5C335E7A28C7B36B00930AB8;
					};
					5C335E9428C7B36D00930AB8 = {
						CreatedOnToolsVersion = 13.4.1;
						TestTargetID = 5C335E7A28C7B36B00930AB8;
					};
				};
			};
			buildConfigurationList = 5C335E7628C7B36B00930AB8 /* Build configuration list for PBXProject "Reciplease Swift UI" */;
			compatibilityVersion = "Xcode 13.0";
			developmentRegion = en;
			hasScannedForEncodings = 0;
			knownRegions = (
				en,
				Base,
			);
			mainGroup = 5C335E7228C7B36B00930AB8;
			productRefGroup = 5C335E7C28C7B36B00930AB8 /* Products */;
			projectDirPath = "";
			projectRoot = "";
			targets = (
				5C335E7A28C7B36B00930AB8 /* Reciplease Swift UI */,
				5C335E8A28C7B36D00930AB8 /* Reciplease Swift UITests */,
				5C335E9428C7B36D00930AB8 /* Reciplease Swift UIUITests */,
			);
		};
/* End PBXProject section */

/* Begin PBXResourcesBuildPhase section */
		5C335E7928C7B36B00930AB8 /* Resources */ = {
			isa = PBXResourcesBuildPhase;
			buildActionMask = 2147483647;
			files = (
				5C335E8628C7B36D00930AB8 /* Preview Assets.xcassets in Resources */,
				5C335E8328C7B36D00930AB8 /* Assets.xcassets in Resources */,
			);
			runOnlyForDeploymentPostprocessing = 0;
		};
		5C335E8928C7B36D00930AB8 /* Resources */ = {
			isa = PBXResourcesBuildPhase;
			buildActionMask = 2147483647;
			files = (
			);
			runOnlyForDeploymentPostprocessing = 0;
		};
		5C335E9328C7B36D00930AB8 /* Resources */ = {
			isa = PBXResourcesBuildPhase;
			buildActionMask = 2147483647;
			files = (
			);
			runOnlyForDeploymentPostprocessing = 0;
		};
/* End PBXResourcesBuildPhase section */

/* Begin PBXSourcesBuildPhase section */
		5C335E7728C7B36B00930AB8 /* Sources */ = {
			isa = PBXSourcesBuildPhase;
			buildActionMask = 2147483647;
			files = (
				5C335E8128C7B36B00930AB8 /* SearchView.swift in Sources */,
				5C335E7F28C7B36B00930AB8 /* Reciplease_Swift_UIApp.swift in Sources */,
			);
			runOnlyForDeploymentPostprocessing = 0;
		};
		5C335E8728C7B36D00930AB8 /* Sources */ = {
			isa = PBXSourcesBuildPhase;
			buildActionMask = 2147483647;
			files = (
				5C335E9028C7B36D00930AB8 /* Reciplease_Swift_UITests.swift in Sources */,
			);
			runOnlyForDeploymentPostprocessing = 0;
		};
		5C335E9128C7B36D00930AB8 /* Sources */ = {
			isa = PBXSourcesBuildPhase;
			buildActionMask = 2147483647;
			files = (
				5C335E9A28C7B36D00930AB8 /* Reciplease_Swift_UIUITests.swift in Sources */,
				5C335E9C28C7B36D00930AB8 /* Reciplease_Swift_UIUITestsLaunchTests.swift in Sources */,
			);
			runOnlyForDeploymentPostprocessing = 0;
		};
/* End PBXSourcesBuildPhase section */

/* Begin PBXTargetDependency section */
		5C335E8D28C7B36D00930AB8 /* PBXTargetDependency */ = {
			isa = PBXTargetDependency;
			target = 5C335E7A28C7B36B00930AB8 /* Reciplease Swift UI */;
			targetProxy = 5C335E8C28C7B36D00930AB8 /* PBXContainerItemProxy */;
		};
		5C335E9728C7B36D00930AB8 /* PBXTargetDependency */ = {
			isa = PBXTargetDependency;
			target = 5C335E7A28C7B36B00930AB8 /* Reciplease Swift UI */;
			targetProxy = 5C335E9628C7B36D00930AB8 /* PBXContainerItemProxy */;
		};
/* End PBXTargetDependency section */

/* Begin XCBuildConfiguration section */
		5C335E9D28C7B36D00930AB8 /* Debug */ = {
			isa = XCBuildConfiguration;
			buildSettings = {
				ALWAYS_SEARCH_USER_PATHS = NO;
				CLANG_ANALYZER_NONNULL = YES;
				CLANG_ANALYZER_NUMBER_OBJECT_CONVERSION = YES_AGGRESSIVE;
				CLANG_CXX_LANGUAGE_STANDARD = "gnu++17";
				CLANG_ENABLE_MODULES = YES;
				CLANG_ENABLE_OBJC_ARC = YES;
				CLANG_ENABLE_OBJC_WEAK = YES;
				CLANG_WARN_BLOCK_CAPTURE_AUTORELEASING = YES;
				CLANG_WARN_BOOL_CONVERSION = YES;
				CLANG_WARN_COMMA = YES;
				CLANG_WARN_CONSTANT_CONVERSION = YES;
				CLANG_WARN_DEPRECATED_OBJC_IMPLEMENTATIONS = YES;
				CLANG_WARN_DIRECT_OBJC_ISA_USAGE = YES_ERROR;
				CLANG_WARN_DOCUMENTATION_COMMENTS = YES;
				CLANG_WARN_EMPTY_BODY = YES;
				CLANG_WARN_ENUM_CONVERSION = YES;
				CLANG_WARN_INFINITE_RECURSION = YES;
				CLANG_WARN_INT_CONVERSION = YES;
				CLANG_WARN_NON_LITERAL_NULL_CONVERSION = YES;
				CLANG_WARN_OBJC_IMPLICIT_RETAIN_SELF = YES;
				CLANG_WARN_OBJC_LITERAL_CONVERSION = YES;
				CLANG_WARN_OBJC_ROOT_CLASS = YES_ERROR;
				CLANG_WARN_QUOTED_INCLUDE_IN_FRAMEWORK_HEADER = YES;
				CLANG_WARN_RANGE_LOOP_ANALYSIS = YES;
				CLANG_WARN_STRICT_PROTOTYPES = YES;
				CLANG_WARN_SUSPICIOUS_MOVE = YES;
				CLANG_WARN_UNGUARDED_AVAILABILITY = YES_AGGRESSIVE;
				CLANG_WARN_UNREACHABLE_CODE = YES;
				CLANG_WARN__DUPLICATE_METHOD_MATCH = YES;
				COPY_PHASE_STRIP = NO;
				DEBUG_INFORMATION_FORMAT = dwarf;
				ENABLE_STRICT_OBJC_MSGSEND = YES;
				ENABLE_TESTABILITY = YES;
				GCC_C_LANGUAGE_STANDARD = gnu11;
				GCC_DYNAMIC_NO_PIC = NO;
				GCC_NO_COMMON_BLOCKS = YES;
				GCC_OPTIMIZATION_LEVEL = 0;
				GCC_PREPROCESSOR_DEFINITIONS = (
					"DEBUG=1",
					"$(inherited)",
				);
				GCC_WARN_64_TO_32_BIT_CONVERSION = YES;
				GCC_WARN_ABOUT_RETURN_TYPE = YES_ERROR;
				GCC_WARN_UNDECLARED_SELECTOR = YES;
				GCC_WARN_UNINITIALIZED_AUTOS = YES_AGGRESSIVE;
				GCC_WARN_UNUSED_FUNCTION = YES;
				GCC_WARN_UNUSED_VARIABLE = YES;
				IPHONEOS_DEPLOYMENT_TARGET = 15.5;
				MTL_ENABLE_DEBUG_INFO = INCLUDE_SOURCE;
				MTL_FAST_MATH = YES;
				ONLY_ACTIVE_ARCH = YES;
				SDKROOT = iphoneos;
				SWIFT_ACTIVE_COMPILATION_CONDITIONS = DEBUG;
				SWIFT_OPTIMIZATION_LEVEL = "-Onone";
			};
			name = Debug;
		};
		5C335E9E28C7B36D00930AB8 /* Release */ = {
			isa = XCBuildConfiguration;
			buildSettings = {
				ALWAYS_SEARCH_USER_PATHS = NO;
				CLANG_ANALYZER_NONNULL = YES;
				CLANG_ANALYZER_NUMBER_OBJECT_CONVERSION = YES_AGGRESSIVE;
				CLANG_CXX_LANGUAGE_STANDARD = "gnu++17";
				CLANG_ENABLE_MODULES = YES;
				CLANG_ENABLE_OBJC_ARC = YES;
				CLANG_ENABLE_OBJC_WEAK = YES;
				CLANG_WARN_BLOCK_CAPTURE_AUTORELEASING = YES;
				CLANG_WARN_BOOL_CONVERSION = YES;
				CLANG_WARN_COMMA = YES;
				CLANG_WARN_CONSTANT_CONVERSION = YES;
				CLANG_WARN_DEPRECATED_OBJC_IMPLEMENTATIONS = YES;
				CLANG_WARN_DIRECT_OBJC_ISA_USAGE = YES_ERROR;
				CLANG_WARN_DOCUMENTATION_COMMENTS = YES;
				CLANG_WARN_EMPTY_BODY = YES;
				CLANG_WARN_ENUM_CONVERSION = YES;
				CLANG_WARN_INFINITE_RECURSION = YES;
				CLANG_WARN_INT_CONVERSION = YES;
				CLANG_WARN_NON_LITERAL_NULL_CONVERSION = YES;
				CLANG_WARN_OBJC_IMPLICIT_RETAIN_SELF = YES;
				CLANG_WARN_OBJC_LITERAL_CONVERSION = YES;
				CLANG_WARN_OBJC_ROOT_CLASS = YES_ERROR;
				CLANG_WARN_QUOTED_INCLUDE_IN_FRAMEWORK_HEADER = YES;
				CLANG_WARN_RANGE_LOOP_ANALYSIS = YES;
				CLANG_WARN_STRICT_PROTOTYPES = YES;
				CLANG_WARN_SUSPICIOUS_MOVE = YES;
				CLANG_WARN_UNGUARDED_AVAILABILITY = YES_AGGRESSIVE;
				CLANG_WARN_UNREACHABLE_CODE = YES;
				CLANG_WARN__DUPLICATE_METHOD_MATCH = YES;
				COPY_PHASE_STRIP = NO;
				DEBUG_INFORMATION_FORMAT = "dwarf-with-dsym";
				ENABLE_NS_ASSERTIONS = NO;
				ENABLE_STRICT_OBJC_MSGSEND = YES;
				GCC_C_LANGUAGE_STANDARD = gnu11;
				GCC_NO_COMMON_BLOCKS = YES;
				GCC_WARN_64_TO_32_BIT_CONVERSION = YES;
				GCC_WARN_ABOUT_RETURN_TYPE = YES_ERROR;
				GCC_WARN_UNDECLARED_SELECTOR = YES;
				GCC_WARN_UNINITIALIZED_AUTOS = YES_AGGRESSIVE;
				GCC_WARN_UNUSED_FUNCTION = YES;
				GCC_WARN_UNUSED_VARIABLE = YES;
				IPHONEOS_DEPLOYMENT_TARGET = 15.5;
				MTL_ENABLE_DEBUG_INFO = NO;
				MTL_FAST_MATH = YES;
				SDKROOT = iphoneos;
				SWIFT_COMPILATION_MODE = wholemodule;
				SWIFT_OPTIMIZATION_LEVEL = "-O";
				VALIDATE_PRODUCT = YES;
			};
			name = Release;
		};
		5C335EA028C7B36D00930AB8 /* Debug */ = {
			isa = XCBuildConfiguration;
			buildSettings = {
				ASSETCATALOG_COMPILER_APPICON_NAME = AppIcon;
				ASSETCATALOG_COMPILER_GLOBAL_ACCENT_COLOR_NAME = AccentColor;
				CODE_SIGN_STYLE = Automatic;
				CURRENT_PROJECT_VERSION = 1;
				DEVELOPMENT_ASSET_PATHS = "\"Reciplease Swift UI/Preview Content\"";
				ENABLE_PREVIEWS = YES;
				GENERATE_INFOPLIST_FILE = YES;
				INFOPLIST_KEY_UIApplicationSceneManifest_Generation = YES;
				INFOPLIST_KEY_UIApplicationSupportsIndirectInputEvents = YES;
				INFOPLIST_KEY_UILaunchScreen_Generation = YES;
				INFOPLIST_KEY_UISupportedInterfaceOrientations_iPad = "UIInterfaceOrientationPortrait UIInterfaceOrientationPortraitUpsideDown UIInterfaceOrientationLandscapeLeft UIInterfaceOrientationLandscapeRight";
				INFOPLIST_KEY_UISupportedInterfaceOrientations_iPhone = "UIInterfaceOrientationPortrait UIInterfaceOrientationLandscapeLeft UIInterfaceOrientationLandscapeRight";
				LD_RUNPATH_SEARCH_PATHS = (
					"$(inherited)",
					"@executable_path/Frameworks",
				);
				MARKETING_VERSION = 1.0;
				PRODUCT_BUNDLE_IDENTIFIER = "com.flo.Reciplease-Swift-UI";
				PRODUCT_NAME = "$(TARGET_NAME)";
				SWIFT_EMIT_LOC_STRINGS = YES;
				SWIFT_VERSION = 5.0;
				TARGETED_DEVICE_FAMILY = "1,2";
			};
			name = Debug;
		};
		5C335EA128C7B36D00930AB8 /* Release */ = {
			isa = XCBuildConfiguration;
			buildSettings = {
				ASSETCATALOG_COMPILER_APPICON_NAME = AppIcon;
				ASSETCATALOG_COMPILER_GLOBAL_ACCENT_COLOR_NAME = AccentColor;
				CODE_SIGN_STYLE = Automatic;
				CURRENT_PROJECT_VERSION = 1;
				DEVELOPMENT_ASSET_PATHS = "\"Reciplease Swift UI/Preview Content\"";
				ENABLE_PREVIEWS = YES;
				GENERATE_INFOPLIST_FILE = YES;
				INFOPLIST_KEY_UIApplicationSceneManifest_Generation = YES;
				INFOPLIST_KEY_UIApplicationSupportsIndirectInputEvents = YES;
				INFOPLIST_KEY_UILaunchScreen_Generation = YES;
				INFOPLIST_KEY_UISupportedInterfaceOrientations_iPad = "UIInterfaceOrientationPortrait UIInterfaceOrientationPortraitUpsideDown UIInterfaceOrientationLandscapeLeft UIInterfaceOrientationLandscapeRight";
				INFOPLIST_KEY_UISupportedInterfaceOrientations_iPhone = "UIInterfaceOrientationPortrait UIInterfaceOrientationLandscapeLeft UIInterfaceOrientationLandscapeRight";
				LD_RUNPATH_SEARCH_PATHS = (
					"$(inherited)",
					"@executable_path/Frameworks",
				);
				MARKETING_VERSION = 1.0;
				PRODUCT_BUNDLE_IDENTIFIER = "com.flo.Reciplease-Swift-UI";
				PRODUCT_NAME = "$(TARGET_NAME)";
				SWIFT_EMIT_LOC_STRINGS = YES;
				SWIFT_VERSION = 5.0;
				TARGETED_DEVICE_FAMILY = "1,2";
			};
			name = Release;
		};
		5C335EA328C7B36D00930AB8 /* Debug */ = {
			isa = XCBuildConfiguration;
			buildSettings = {
				ALWAYS_EMBED_SWIFT_STANDARD_LIBRARIES = YES;
				BUNDLE_LOADER = "$(TEST_HOST)";
				CODE_SIGN_STYLE = Automatic;
				CURRENT_PROJECT_VERSION = 1;
				GENERATE_INFOPLIST_FILE = YES;
				IPHONEOS_DEPLOYMENT_TARGET = 15.5;
				MARKETING_VERSION = 1.0;
				PRODUCT_BUNDLE_IDENTIFIER = "com.flo.Reciplease-Swift-UITests";
				PRODUCT_NAME = "$(TARGET_NAME)";
				SWIFT_EMIT_LOC_STRINGS = NO;
				SWIFT_VERSION = 5.0;
				TARGETED_DEVICE_FAMILY = "1,2";
				TEST_HOST = "$(BUILT_PRODUCTS_DIR)/Reciplease Swift UI.app/Reciplease Swift UI";
			};
			name = Debug;
		};
		5C335EA428C7B36D00930AB8 /* Release */ = {
			isa = XCBuildConfiguration;
			buildSettings = {
				ALWAYS_EMBED_SWIFT_STANDARD_LIBRARIES = YES;
				BUNDLE_LOADER = "$(TEST_HOST)";
				CODE_SIGN_STYLE = Automatic;
				CURRENT_PROJECT_VERSION = 1;
				GENERATE_INFOPLIST_FILE = YES;
				IPHONEOS_DEPLOYMENT_TARGET = 15.5;
				MARKETING_VERSION = 1.0;
				PRODUCT_BUNDLE_IDENTIFIER = "com.flo.Reciplease-Swift-UITests";
				PRODUCT_NAME = "$(TARGET_NAME)";
				SWIFT_EMIT_LOC_STRINGS = NO;
				SWIFT_VERSION = 5.0;
				TARGETED_DEVICE_FAMILY = "1,2";
				TEST_HOST = "$(BUILT_PRODUCTS_DIR)/Reciplease Swift UI.app/Reciplease Swift UI";
			};
			name = Release;
		};
		5C335EA628C7B36D00930AB8 /* Debug */ = {
			isa = XCBuildConfiguration;
			buildSettings = {
				ALWAYS_EMBED_SWIFT_STANDARD_LIBRARIES = YES;
				CODE_SIGN_STYLE = Automatic;
				CURRENT_PROJECT_VERSION = 1;
				GENERATE_INFOPLIST_FILE = YES;
				MARKETING_VERSION = 1.0;
				PRODUCT_BUNDLE_IDENTIFIER = "com.flo.Reciplease-Swift-UIUITests";
				PRODUCT_NAME = "$(TARGET_NAME)";
				SWIFT_EMIT_LOC_STRINGS = NO;
				SWIFT_VERSION = 5.0;
				TARGETED_DEVICE_FAMILY = "1,2";
				TEST_TARGET_NAME = "Reciplease Swift UI";
			};
			name = Debug;
		};
		5C335EA728C7B36D00930AB8 /* Release */ = {
			isa = XCBuildConfiguration;
			buildSettings = {
				ALWAYS_EMBED_SWIFT_STANDARD_LIBRARIES = YES;
				CODE_SIGN_STYLE = Automatic;
				CURRENT_PROJECT_VERSION = 1;
				GENERATE_INFOPLIST_FILE = YES;
				MARKETING_VERSION = 1.0;
				PRODUCT_BUNDLE_IDENTIFIER = "com.flo.Reciplease-Swift-UIUITests";
				PRODUCT_NAME = "$(TARGET_NAME)";
				SWIFT_EMIT_LOC_STRINGS = NO;
				SWIFT_VERSION = 5.0;
				TARGETED_DEVICE_FAMILY = "1,2";
				TEST_TARGET_NAME = "Reciplease Swift UI";
			};
			name = Release;
		};
/* End XCBuildConfiguration section */

/* Begin XCConfigurationList section */
		5C335E7628C7B36B00930AB8 /* Build configuration list for PBXProject "Reciplease Swift UI" */ = {
			isa = XCConfigurationList;
			buildConfigurations = (
				5C335E9D28C7B36D00930AB8 /* Debug */,
				5C335E9E28C7B36D00930AB8 /* Release */,
			);
			defaultConfigurationIsVisible = 0;
			defaultConfigurationName = Release;
		};
		5C335E9F28C7B36D00930AB8 /* Build configuration list for PBXNativeTarget "Reciplease Swift UI" */ = {
			isa = XCConfigurationList;
			buildConfigurations = (
				5C335EA028C7B36D00930AB8 /* Debug */,
				5C335EA128C7B36D00930AB8 /* Release */,
			);
			defaultConfigurationIsVisible = 0;
			defaultConfigurationName = Release;
		};
		5C335EA228C7B36D00930AB8 /* Build configuration list for PBXNativeTarget "Reciplease Swift UITests" */ = {
			isa = XCConfigurationList;
			buildConfigurations = (
				5C335EA328C7B36D00930AB8 /* Debug */,
				5C335EA428C7B36D00930AB8 /* Release */,
			);
			defaultConfigurationIsVisible = 0;
			defaultConfigurationName = Release;
		};
		5C335EA528C7B36D00930AB8 /* Build configuration list for PBXNativeTarget "Reciplease Swift UIUITests" */ = {
			isa = XCConfigurationList;
			buildConfigurations = (
				5C335EA628C7B36D00930AB8 /* Debug */,
				5C335EA728C7B36D00930AB8 /* Release */,
			);
			defaultConfigurationIsVisible = 0;
			defaultConfigurationName = Release;
		};
/* End XCConfigurationList section */
	};
	rootObject = 5C335E7328C7B36B00930AB8 /* Project object */;
}
